
Microsoft Visual Studio Solution File, Format Version 12.00
# Visual Studio Version 16
VisualStudioVersion = 16.0.31702.278
MinimumVisualStudioVersion = 10.0.40219.1
Project("{FAE04EC0-301F-11D3-BF4B-00C04F79EFBC}") = "Prosta gra", "Prosta gra\Prosta gra.csproj", "{110F2B96-9704-4AD6-A191-6C2873A88A30}"
EndProject
Global
	GlobalSection(SolutionConfigurationPlatforms) = preSolution
		Debug|Any CPU = Debug|Any CPU
		Release|Any CPU = Release|Any CPU
	EndGlobalSection
	GlobalSection(ProjectConfigurationPlatforms) = postSolution
		{110F2B96-9704-4AD6-A191-6C2873A88A30}.Debug|Any CPU.ActiveCfg = Debug|Any CPU
		{110F2B96-9704-4AD6-A191-6C2873A88A30}.Debug|Any CPU.Build.0 = Debug|Any CPU
		{110F2B96-9704-4AD6-A191-6C2873A88A30}.Release|Any CPU.ActiveCfg = Release|Any CPU
		{110F2B96-9704-4AD6-A191-6C2873A88A30}.Release|Any CPU.Build.0 = Release|Any CPU
	EndGlobalSection
	GlobalSection(SolutionProperties) = preSolution
		HideSolutionNode = FALSE
	EndGlobalSection
	GlobalSection(ExtensibilityGlobals) = postSolution
		SolutionGuid = {0965F063-549A-4003-AB1B-B97C60E6701B}
	EndGlobalSection
EndGlobal
